
Microsoft Visual Studio Solution File, Format Version 12.00
# Visual Studio Version 17
VisualStudioVersion = 17.11.35312.102
MinimumVisualStudioVersion = 10.0.40219.1
Project("{FAE04EC0-301F-11D3-BF4B-00C04F79EFBC}") = "ExPractics01", "ExPractics01.csproj", "{9767495D-5808-415C-967B-5A34139E1623}"
EndProject
Global
	GlobalSection(SolutionConfigurationPlatforms) = preSolution
		Debug|Any CPU = Debug|Any CPU
		Release|Any CPU = Release|Any CPU
	EndGlobalSection
	GlobalSection(ProjectConfigurationPlatforms) = postSolution
		{9767495D-5808-415C-967B-5A34139E1623}.Debug|Any CPU.ActiveCfg = Debug|Any CPU
		{9767495D-5808-415C-967B-5A34139E1623}.Debug|Any CPU.Build.0 = Debug|Any CPU
		{9767495D-5808-415C-967B-5A34139E1623}.Release|Any CPU.ActiveCfg = Release|Any CPU
		{9767495D-5808-415C-967B-5A34139E1623}.Release|Any CPU.Build.0 = Release|Any CPU
	EndGlobalSection
	GlobalSection(SolutionProperties) = preSolution
		HideSolutionNode = FALSE
	EndGlobalSection
	GlobalSection(ExtensibilityGlobals) = postSolution
		SolutionGuid = {42E3DA9F-F571-47AC-85CB-06BB62E2A022}
	EndGlobalSection
EndGlobal
